schema: '2.0'
stages:
  preprocess:
    cmd: python3 src/preprocess.py --input data/raw/iris.csv --output data/preprocessed/iris_processed.csv
      --add-noise --remove-samples
    deps:
    - path: data/raw/iris.csv
      hash: md5
      md5: 455e8d250208699385bfe3b03b01b2c9
      size: 4549
    - path: src/preprocess.py
      hash: md5
      md5: c72f8198bd36b0c9fd2b375b35bd9aea
      size: 1686
    outs:
    - path: data/preprocessed/iris_processed.csv
      hash: md5
      md5: 2f1820b100e820d3691beeae43615479
      size: 10561
  train:
    cmd: python3 src/train.py --input data/preprocessed/iris_processed.csv --model
      model.pkl
    deps:
    - path: data/preprocessed/iris_processed.csv
      hash: md5
      md5: 2f1820b100e820d3691beeae43615479
      size: 10561
    - path: src/train.py
      hash: md5
      md5: ab6eb685f2bfe51f1c530defac029507
      size: 1351
    params:
      params.yaml:
        train.model_params.max_iter: 1000
    outs:
    - path: model.pkl
      hash: md5
      md5: 8b168b90bcaa530ae1173da069bd6a9d
      size: 973
  evaluate:
    cmd: python3 src/evaluate.py --input data/preprocessed/iris_processed.csv --model
      model.pkl --metrics metrics.json
    deps:
    - path: data/preprocessed/iris_processed.csv
      hash: md5
      md5: 2f1820b100e820d3691beeae43615479
      size: 10561
    - path: model.pkl
      hash: md5
      md5: 8b168b90bcaa530ae1173da069bd6a9d
      size: 973
    - path: src/evaluate.py
      hash: md5
      md5: 3a7e8096cdcc0d4f710cd315db617295
      size: 1771
    outs:
    - path: metrics.json
      hash: md5
      md5: e8224b5c49b8cc55a600a755f6c94fc4
      size: 881
    - path: metrics.yaml
      hash: md5
      md5: 6342fa482a04763114496855816fc5db
      size: 357
