schema: '2.0'
stages:
  preprocess:
    cmd: python3 src/preprocess.py --input data/raw/iris.csv --output data/preprocessed/iris_processed.csv
    deps:
    - path: data/raw/iris.csv
      hash: md5
      md5: 455e8d250208699385bfe3b03b01b2c9
      size: 4549
    - path: src/preprocess.py
      hash: md5
      md5: c72f8198bd36b0c9fd2b375b35bd9aea
      size: 1686
    outs:
    - path: data/preprocessed/iris_processed.csv
      hash: md5
      md5: 8c25dcff0121a2ba87db1ea70d33852c
      size: 4580
  train:
    cmd: python3 src/train.py --input data/preprocessed/iris_processed.csv --model
      model.pkl
    deps:
    - path: data/preprocessed/iris_processed.csv
      hash: md5
      md5: 8c25dcff0121a2ba87db1ea70d33852c
      size: 4580
    - path: src/train.py
      hash: md5
      md5: 4cb901af58766f7d87eaa49dae6d3e84
      size: 1124
    params:
      params.yaml:
        train.model_params.max_iter: 1000
    outs:
    - path: model.pkl
      hash: md5
      md5: e1fe8448846d813042e328566e78edbf
      size: 973
  evaluate:
    cmd: python3 src/evaluate.py --input data/preprocessed/iris_processed.csv --model
      model.pkl --metrics metrics.json
    deps:
    - path: data/preprocessed/iris_processed.csv
      hash: md5
      md5: 8c25dcff0121a2ba87db1ea70d33852c
      size: 4580
    - path: model.pkl
      hash: md5
      md5: e1fe8448846d813042e328566e78edbf
      size: 973
    - path: src/evaluate.py
      hash: md5
      md5: 3a7e8096cdcc0d4f710cd315db617295
      size: 1771
    outs:
    - path: metrics.json
      hash: md5
      md5: edf04e13a29b8b700f780a9f17b57a45
      size: 823
    - path: metrics.yaml
      hash: md5
      md5: 8995a97f548b8935d2de0304767f6d3f
      size: 312
